{
	"name": "@wasm-fmt/gofmt",
	"version": "0.5.0",
	"lockfileVersion": 3,
	"requires": true,
	"packages": {
		"": {
			"name": "@wasm-fmt/gofmt",
			"version": "0.5.0",
			"license": "MIT",
			"devDependencies": {
				"@ast-grep/napi": "0.40.4"
			},
			"engines": {
				"node": ">=16.17.0"
			}
		},
		"node_modules/@ast-grep/napi": {
			"version": "0.40.4",
			"resolved": "https://registry.npmjs.org/@ast-grep/napi/-/napi-0.40.4.tgz",
			"integrity": "sha512-unRhSrSn4X0tf7nCuj300rBrlrXqtGbKanFX75CNmn2NM+NyPrdvq1tdDk2F+XA8Z574MynpSeCESii3WBK+bw==",
			"dev": true,
			"license": "MIT",
			"engines": {
				"node": ">= 10"
			},
			"optionalDependencies": {
				"@ast-grep/napi-darwin-arm64": "0.40.4",
				"@ast-grep/napi-darwin-x64": "0.40.4",
				"@ast-grep/napi-linux-arm64-gnu": "0.40.4",
				"@ast-grep/napi-linux-arm64-musl": "0.40.4",
				"@ast-grep/napi-linux-x64-gnu": "0.40.4",
				"@ast-grep/napi-linux-x64-musl": "0.40.4",
				"@ast-grep/napi-win32-arm64-msvc": "0.40.4",
				"@ast-grep/napi-win32-ia32-msvc": "0.40.4",
				"@ast-grep/napi-win32-x64-msvc": "0.40.4"
			}
		},
		"node_modules/@ast-grep/napi-darwin-arm64": {
			"version": "0.40.4",
			"resolved": "https://registry.npmjs.org/@ast-grep/napi-darwin-arm64/-/napi-darwin-arm64-0.40.4.tgz",
			"integrity": "sha512-UIkpoEExRghZe5wN6QXGkDzI65zKVoaBQowAzmEd3MCGP8VlAK3FoxDMdy0OLgQVTyRUdBUwG384WpxiWilYEw==",
			"cpu": [
				"arm64"
			],
			"dev": true,
			"license": "MIT",
			"optional": true,
			"os": [
				"darwin"
			],
			"engines": {
				"node": ">= 10"
			}
		},
		"node_modules/@ast-grep/napi-darwin-x64": {
			"version": "0.40.4",
			"resolved": "https://registry.npmjs.org/@ast-grep/napi-darwin-x64/-/napi-darwin-x64-0.40.4.tgz",
			"integrity": "sha512-derMkDWiMFjRlcN0SEHXNPeZ67OGR5So6b4r/+ETvZMZavLQv+ER0vevltFS4ci8m402g7l/wVOdSE1oHcN2Iw==",
			"cpu": [
				"x64"
			],
			"dev": true,
			"license": "MIT",
			"optional": true,
			"os": [
				"darwin"
			],
			"engines": {
				"node": ">= 10"
			}
		},
		"node_modules/@ast-grep/napi-linux-arm64-gnu": {
			"version": "0.40.4",
			"resolved": "https://registry.npmjs.org/@ast-grep/napi-linux-arm64-gnu/-/napi-linux-arm64-gnu-0.40.4.tgz",
			"integrity": "sha512-1CeDsK6WRMz169mTXLfXdn2GkQAsMkYbqGd7mHDa2VqutJwDYrqe6t4QiFAlr+LRT2bQuExpPh3AiC8BNd6UQQ==",
			"cpu": [
				"arm64"
			],
			"dev": true,
			"license": "MIT",
			"optional": true,
			"os": [
				"linux"
			],
			"engines": {
				"node": ">= 10"
			}
		},
		"node_modules/@ast-grep/napi-linux-arm64-musl": {
			"version": "0.40.4",
			"resolved": "https://registry.npmjs.org/@ast-grep/napi-linux-arm64-musl/-/napi-linux-arm64-musl-0.40.4.tgz",
			"integrity": "sha512-VqjL9Xbq5NNXexY4rluaFtpuHHGbcNIwFXInbm8hdaZS3Rsr9tz+QCEhDNO4IJgPtcRUOpa7AIztZotwxrb/iw==",
			"cpu": [
				"arm64"
			],
			"dev": true,
			"license": "MIT",
			"optional": true,
			"os": [
				"linux"
			],
			"engines": {
				"node": ">= 10"
			}
		},
		"node_modules/@ast-grep/napi-linux-x64-gnu": {
			"version": "0.40.4",
			"resolved": "https://registry.npmjs.org/@ast-grep/napi-linux-x64-gnu/-/napi-linux-x64-gnu-0.40.4.tgz",
			"integrity": "sha512-6BrPYjP+Gr+mkI3z3Xh/UHkOedJ25qKGdhRwbYteeK/QX3rWeuuo/tUjow4nh/8ewhk04wHGw/G96OiF47ICjA==",
			"cpu": [
				"x64"
			],
			"dev": true,
			"license": "MIT",
			"optional": true,
			"os": [
				"linux"
			],
			"engines": {
				"node": ">= 10"
			}
		},
		"node_modules/@ast-grep/napi-linux-x64-musl": {
			"version": "0.40.4",
			"resolved": "https://registry.npmjs.org/@ast-grep/napi-linux-x64-musl/-/napi-linux-x64-musl-0.40.4.tgz",
			"integrity": "sha512-4LGq6xYmOsgEycx4Cu9CdyNYa99O/C1bOsZi09T0C/NifKR+55v8og6nZrGCwsKEs4jWresdal4p7WXw3k8+0g==",
			"cpu": [
				"x64"
			],
			"dev": true,
			"license": "MIT",
			"optional": true,
			"os": [
				"linux"
			],
			"engines": {
				"node": ">= 10"
			}
		},
		"node_modules/@ast-grep/napi-win32-arm64-msvc": {
			"version": "0.40.4",
			"resolved": "https://registry.npmjs.org/@ast-grep/napi-win32-arm64-msvc/-/napi-win32-arm64-msvc-0.40.4.tgz",
			"integrity": "sha512-QrI9m9wmFYTRnyTsYOX+9/D/B+h0eyFqZf2qh/U3kbRU/ZZJnxI75YjYVjtoa2QI4oEJlzYb0QhKAN8NKIDYRA==",
			"cpu": [
				"arm64"
			],
			"dev": true,
			"license": "MIT",
			"optional": true,
			"os": [
				"win32"
			],
			"engines": {
				"node": ">= 10"
			}
		},
		"node_modules/@ast-grep/napi-win32-ia32-msvc": {
			"version": "0.40.4",
			"resolved": "https://registry.npmjs.org/@ast-grep/napi-win32-ia32-msvc/-/napi-win32-ia32-msvc-0.40.4.tgz",
			"integrity": "sha512-JLhcgCUD7e74rZ39XLEfUOU26TQboJltzHir2oSpvjZPtq4aBHEJOynq7dGABZdMrzRUOPdbBdM+nFzPiU38iQ==",
			"cpu": [
				"ia32"
			],
			"dev": true,
			"license": "MIT",
			"optional": true,
			"os": [
				"win32"
			],
			"engines": {
				"node": ">= 10"
			}
		},
		"node_modules/@ast-grep/napi-win32-x64-msvc": {
			"version": "0.40.4",
			"resolved": "https://registry.npmjs.org/@ast-grep/napi-win32-x64-msvc/-/napi-win32-x64-msvc-0.40.4.tgz",
			"integrity": "sha512-DdsqVs/kg4Iun8GU8GoOw9L9WkT2pVLAZ+1hV9t+PsdI6SR3HGRIUIJSzKz2uejr8tY8evTZmdjBWyjUav8qbQ==",
			"cpu": [
				"x64"
			],
			"dev": true,
			"license": "MIT",
			"optional": true,
			"os": [
				"win32"
			],
			"engines": {
				"node": ">= 10"
			}
		}
	}
}
