{
	"name": "@wasm-fmt/gofmt",
	"version": "0.5.0",
	"lockfileVersion": 3,
	"requires": true,
	"packages": {
		"": {
			"name": "@wasm-fmt/gofmt",
			"version": "0.5.0",
			"license": "MIT",
			"devDependencies": {
				"@ast-grep/napi": "0.40.2"
			},
			"engines": {
				"node": ">=16.17.0"
			}
		},
		"node_modules/@ast-grep/napi": {
			"version": "0.40.2",
			"resolved": "https://registry.npmjs.org/@ast-grep/napi/-/napi-0.40.2.tgz",
			"integrity": "sha512-S94cNb0H5XkQbpx9Wtrf6R9k4HPebOhJY7iBKBZEhyd/JFbU5CCWnsxQZsVgMV8fjrEdl/xavoyzq3qa7cW1RQ==",
			"dev": true,
			"license": "MIT",
			"engines": {
				"node": ">= 10"
			},
			"optionalDependencies": {
				"@ast-grep/napi-darwin-arm64": "0.40.2",
				"@ast-grep/napi-darwin-x64": "0.40.2",
				"@ast-grep/napi-linux-arm64-gnu": "0.40.2",
				"@ast-grep/napi-linux-arm64-musl": "0.40.2",
				"@ast-grep/napi-linux-x64-gnu": "0.40.2",
				"@ast-grep/napi-linux-x64-musl": "0.40.2",
				"@ast-grep/napi-win32-arm64-msvc": "0.40.2",
				"@ast-grep/napi-win32-ia32-msvc": "0.40.2",
				"@ast-grep/napi-win32-x64-msvc": "0.40.2"
			}
		},
		"node_modules/@ast-grep/napi-darwin-arm64": {
			"version": "0.40.2",
			"resolved": "https://registry.npmjs.org/@ast-grep/napi-darwin-arm64/-/napi-darwin-arm64-0.40.2.tgz",
			"integrity": "sha512-uCDGbiUOXfadMiHKMhIOyzUq/6cmnzx7GUhkD0DiVOwEw9ruJ0kjomTKx0z2SEx3xGbjeI2zdHiVW4ybwhWpog==",
			"cpu": [
				"arm64"
			],
			"dev": true,
			"license": "MIT",
			"optional": true,
			"os": [
				"darwin"
			],
			"engines": {
				"node": ">= 10"
			}
		},
		"node_modules/@ast-grep/napi-darwin-x64": {
			"version": "0.40.2",
			"resolved": "https://registry.npmjs.org/@ast-grep/napi-darwin-x64/-/napi-darwin-x64-0.40.2.tgz",
			"integrity": "sha512-GLqE7AN541gninM6D5E8Xpv3mI5H1niSzEEXRIYQGJgIVOiW98TT3J4tQgyTZFFTmZdH8ZNwzdT5myiIZALq6w==",
			"cpu": [
				"x64"
			],
			"dev": true,
			"license": "MIT",
			"optional": true,
			"os": [
				"darwin"
			],
			"engines": {
				"node": ">= 10"
			}
		},
		"node_modules/@ast-grep/napi-linux-arm64-gnu": {
			"version": "0.40.2",
			"resolved": "https://registry.npmjs.org/@ast-grep/napi-linux-arm64-gnu/-/napi-linux-arm64-gnu-0.40.2.tgz",
			"integrity": "sha512-VGntBbtr28k/1B5delVaWDBlEWzuUJY7ufYiejDDRZAp9lIR/ArdsGVQUoz4HudHPm+M7B7kmkhxOCOIrOO8gg==",
			"cpu": [
				"arm64"
			],
			"dev": true,
			"license": "MIT",
			"optional": true,
			"os": [
				"linux"
			],
			"engines": {
				"node": ">= 10"
			}
		},
		"node_modules/@ast-grep/napi-linux-arm64-musl": {
			"version": "0.40.2",
			"resolved": "https://registry.npmjs.org/@ast-grep/napi-linux-arm64-musl/-/napi-linux-arm64-musl-0.40.2.tgz",
			"integrity": "sha512-gfMcKmLDnvhHZVErw0+pbUqz0qJgqGswhbR+22aGODk/tHLWkN9m/tqAXcCIo0YCMHzhwUnIOF7N5OpRCrE9Bg==",
			"cpu": [
				"arm64"
			],
			"dev": true,
			"license": "MIT",
			"optional": true,
			"os": [
				"linux"
			],
			"engines": {
				"node": ">= 10"
			}
		},
		"node_modules/@ast-grep/napi-linux-x64-gnu": {
			"version": "0.40.2",
			"resolved": "https://registry.npmjs.org/@ast-grep/napi-linux-x64-gnu/-/napi-linux-x64-gnu-0.40.2.tgz",
			"integrity": "sha512-22l7dd6qEpSzwP2wz20CG+F9TgXLNdH/OeV6BIZaipnetPnx+i3IhhFPa0AO3elgzzHW7sJbhvprNHrV2LJ8qw==",
			"cpu": [
				"x64"
			],
			"dev": true,
			"license": "MIT",
			"optional": true,
			"os": [
				"linux"
			],
			"engines": {
				"node": ">= 10"
			}
		},
		"node_modules/@ast-grep/napi-linux-x64-musl": {
			"version": "0.40.2",
			"resolved": "https://registry.npmjs.org/@ast-grep/napi-linux-x64-musl/-/napi-linux-x64-musl-0.40.2.tgz",
			"integrity": "sha512-DEDAk+fBu5meBeEZ3ONdzqHgd5gppS1A4Ik6EE55QwzNRmv58Jqt/a+sRFn7tJ19mpDlY991ZTpva0LhE8HqZA==",
			"cpu": [
				"x64"
			],
			"dev": true,
			"license": "MIT",
			"optional": true,
			"os": [
				"linux"
			],
			"engines": {
				"node": ">= 10"
			}
		},
		"node_modules/@ast-grep/napi-win32-arm64-msvc": {
			"version": "0.40.2",
			"resolved": "https://registry.npmjs.org/@ast-grep/napi-win32-arm64-msvc/-/napi-win32-arm64-msvc-0.40.2.tgz",
			"integrity": "sha512-2uTvoAdsA5zizKzNq9uG62opDSSbbhbtnzGQp2+tR44s2DKpq/FueerpVN3om5iCCvSjz5pyzlr7eCOzZR9aaQ==",
			"cpu": [
				"arm64"
			],
			"dev": true,
			"license": "MIT",
			"optional": true,
			"os": [
				"win32"
			],
			"engines": {
				"node": ">= 10"
			}
		},
		"node_modules/@ast-grep/napi-win32-ia32-msvc": {
			"version": "0.40.2",
			"resolved": "https://registry.npmjs.org/@ast-grep/napi-win32-ia32-msvc/-/napi-win32-ia32-msvc-0.40.2.tgz",
			"integrity": "sha512-n45LEhbAPlLMJXErVB+lS83YL70dfYv4ynGeHJdNw17Zvc4U3hJvO0PhufdCj0cRYSgYHQBlCL0ZnaY8NEUahg==",
			"cpu": [
				"ia32"
			],
			"dev": true,
			"license": "MIT",
			"optional": true,
			"os": [
				"win32"
			],
			"engines": {
				"node": ">= 10"
			}
		},
		"node_modules/@ast-grep/napi-win32-x64-msvc": {
			"version": "0.40.2",
			"resolved": "https://registry.npmjs.org/@ast-grep/napi-win32-x64-msvc/-/napi-win32-x64-msvc-0.40.2.tgz",
			"integrity": "sha512-V6y5ld9+PBarRaCrnw+7EsSsd0LAZtR8Rw8GzQ+aCpXJqEx1wUCAgZkIrGaLIheYfm7THJNE7Z8yt9C7zi+etQ==",
			"cpu": [
				"x64"
			],
			"dev": true,
			"license": "MIT",
			"optional": true,
			"os": [
				"win32"
			],
			"engines": {
				"node": ">= 10"
			}
		}
	}
}
