{
	"name": "@wasm-fmt/gofmt",
	"version": "0.5.0",
	"lockfileVersion": 3,
	"requires": true,
	"packages": {
		"": {
			"name": "@wasm-fmt/gofmt",
			"version": "0.5.0",
			"license": "MIT",
			"devDependencies": {
				"@ast-grep/napi": "0.40.1"
			},
			"engines": {
				"node": ">=16.17.0"
			}
		},
		"node_modules/@ast-grep/napi": {
			"version": "0.40.1",
			"resolved": "https://registry.npmjs.org/@ast-grep/napi/-/napi-0.40.1.tgz",
			"integrity": "sha512-zPr2HFGW71wPZ1cexH8BbIhX/+jvOVTmPKV9d86tYzNhuo1T27rKCuQEHzaVklv2GGmmRhLABio0CcCjD96+KQ==",
			"dev": true,
			"license": "MIT",
			"engines": {
				"node": ">= 10"
			},
			"optionalDependencies": {
				"@ast-grep/napi-darwin-arm64": "0.40.1",
				"@ast-grep/napi-darwin-x64": "0.40.1",
				"@ast-grep/napi-linux-arm64-gnu": "0.40.1",
				"@ast-grep/napi-linux-arm64-musl": "0.40.1",
				"@ast-grep/napi-linux-x64-gnu": "0.40.1",
				"@ast-grep/napi-linux-x64-musl": "0.40.1",
				"@ast-grep/napi-win32-arm64-msvc": "0.40.1",
				"@ast-grep/napi-win32-ia32-msvc": "0.40.1",
				"@ast-grep/napi-win32-x64-msvc": "0.40.1"
			}
		},
		"node_modules/@ast-grep/napi-darwin-arm64": {
			"version": "0.40.1",
			"resolved": "https://registry.npmjs.org/@ast-grep/napi-darwin-arm64/-/napi-darwin-arm64-0.40.1.tgz",
			"integrity": "sha512-SKVEq4vo47+KefnIgFW52PrmrMa8VOQW/cVK86LzjgITT32fqZEpVru/vhX0ZC8isiBFCdaAzUz4ZDqyC73Ybw==",
			"cpu": [
				"arm64"
			],
			"dev": true,
			"license": "MIT",
			"optional": true,
			"os": [
				"darwin"
			],
			"engines": {
				"node": ">= 10"
			}
		},
		"node_modules/@ast-grep/napi-darwin-x64": {
			"version": "0.40.1",
			"resolved": "https://registry.npmjs.org/@ast-grep/napi-darwin-x64/-/napi-darwin-x64-0.40.1.tgz",
			"integrity": "sha512-HlXFk9kEIov+lEuPg1h4P/9TWoASQlp+4EEJd6IabGtZOVzEWXx/XZ7/vg9TGBzbIEj5cGgoKL1hGQsF29Yc/A==",
			"cpu": [
				"x64"
			],
			"dev": true,
			"license": "MIT",
			"optional": true,
			"os": [
				"darwin"
			],
			"engines": {
				"node": ">= 10"
			}
		},
		"node_modules/@ast-grep/napi-linux-arm64-gnu": {
			"version": "0.40.1",
			"resolved": "https://registry.npmjs.org/@ast-grep/napi-linux-arm64-gnu/-/napi-linux-arm64-gnu-0.40.1.tgz",
			"integrity": "sha512-KdKqaEPLK/sPj0+jsc2env7WwHN9BLbItaM120VU+D1LHtYm6OPHL5xRtYB9/I2ybBDvu48qu4p9CCHnptSnIg==",
			"cpu": [
				"arm64"
			],
			"dev": true,
			"license": "MIT",
			"optional": true,
			"os": [
				"linux"
			],
			"engines": {
				"node": ">= 10"
			}
		},
		"node_modules/@ast-grep/napi-linux-arm64-musl": {
			"version": "0.40.1",
			"resolved": "https://registry.npmjs.org/@ast-grep/napi-linux-arm64-musl/-/napi-linux-arm64-musl-0.40.1.tgz",
			"integrity": "sha512-AweLMXG78i/1toLfq543Ds495IQC+q1qzJGKOBABYL0LIlssT72NajXV+nfQUdUI880u/1WsvCGLKCVDV+kvlg==",
			"cpu": [
				"arm64"
			],
			"dev": true,
			"license": "MIT",
			"optional": true,
			"os": [
				"linux"
			],
			"engines": {
				"node": ">= 10"
			}
		},
		"node_modules/@ast-grep/napi-linux-x64-gnu": {
			"version": "0.40.1",
			"resolved": "https://registry.npmjs.org/@ast-grep/napi-linux-x64-gnu/-/napi-linux-x64-gnu-0.40.1.tgz",
			"integrity": "sha512-EXwTBDCH6OdiiIW5DMzs91cxtISMY7GYODjbIM8OxWkZxAWzTRSvKAOHiDldAWG5PC9TU3Gh7cDGanvRly8lAA==",
			"cpu": [
				"x64"
			],
			"dev": true,
			"license": "MIT",
			"optional": true,
			"os": [
				"linux"
			],
			"engines": {
				"node": ">= 10"
			}
		},
		"node_modules/@ast-grep/napi-linux-x64-musl": {
			"version": "0.40.1",
			"resolved": "https://registry.npmjs.org/@ast-grep/napi-linux-x64-musl/-/napi-linux-x64-musl-0.40.1.tgz",
			"integrity": "sha512-K3ZJvG1v4H7omtyzB2AUZRN67oorqu9Nsc7cLHNA1zQBSXfA1Ya8WIDniwsGb2cMO9uh46jDcdeWfKd6CMLAGQ==",
			"cpu": [
				"x64"
			],
			"dev": true,
			"license": "MIT",
			"optional": true,
			"os": [
				"linux"
			],
			"engines": {
				"node": ">= 10"
			}
		},
		"node_modules/@ast-grep/napi-win32-arm64-msvc": {
			"version": "0.40.1",
			"resolved": "https://registry.npmjs.org/@ast-grep/napi-win32-arm64-msvc/-/napi-win32-arm64-msvc-0.40.1.tgz",
			"integrity": "sha512-ebWJSQA6bjHo8fwfzUD2+oDKqmqBq5aj0c9bdjKDBfJD8FBzxmAOrX02LNdTbbd3eFxFMANDos7o4q454263dw==",
			"cpu": [
				"arm64"
			],
			"dev": true,
			"license": "MIT",
			"optional": true,
			"os": [
				"win32"
			],
			"engines": {
				"node": ">= 10"
			}
		},
		"node_modules/@ast-grep/napi-win32-ia32-msvc": {
			"version": "0.40.1",
			"resolved": "https://registry.npmjs.org/@ast-grep/napi-win32-ia32-msvc/-/napi-win32-ia32-msvc-0.40.1.tgz",
			"integrity": "sha512-vNBOR4UKHVIvpIxO9E9e7tZN/nqDJ0oFc7rzPLj9mwzEQTUS1aY8yf9x1Y34AcJVAYDi1slQ+CeCva3gkQoh9Q==",
			"cpu": [
				"ia32"
			],
			"dev": true,
			"license": "MIT",
			"optional": true,
			"os": [
				"win32"
			],
			"engines": {
				"node": ">= 10"
			}
		},
		"node_modules/@ast-grep/napi-win32-x64-msvc": {
			"version": "0.40.1",
			"resolved": "https://registry.npmjs.org/@ast-grep/napi-win32-x64-msvc/-/napi-win32-x64-msvc-0.40.1.tgz",
			"integrity": "sha512-2oDioE66R8biBw991aI2jxwh2ZW+CUCpNHC74ZDJD+FYegrmNOq75CgU84Y23enaErIqF0ae2c0PS4+vXSLBxw==",
			"cpu": [
				"x64"
			],
			"dev": true,
			"license": "MIT",
			"optional": true,
			"os": [
				"win32"
			],
			"engines": {
				"node": ">= 10"
			}
		}
	}
}
